
Microsoft Visual Studio Solution File, Format Version 12.00
# Visual Studio Version 17
VisualStudioVersion = 17.14.37314.3 d17.14
MinimumVisualStudioVersion = 10.0.40219.1
Project("{FAE04EC0-301F-11D3-BF4B-00C04F79EFBC}") = "MyWallet", "MyWallet.csproj", "{C1CE1947-65B5-485F-9F87-630A4A504C83}"
EndProject
Global
	GlobalSection(SolutionConfigurationPlatforms) = preSolution
		Debug|Any CPU = Debug|Any CPU
		Release|Any CPU = Release|Any CPU
	EndGlobalSection
	GlobalSection(ProjectConfigurationPlatforms) = postSolution
		{C1CE1947-65B5-485F-9F87-630A4A504C83}.Debug|Any CPU.ActiveCfg = Debug|Any CPU
		{C1CE1947-65B5-485F-9F87-630A4A504C83}.Debug|Any CPU.Build.0 = Debug|Any CPU
		{C1CE1947-65B5-485F-9F87-630A4A504C83}.Release|Any CPU.ActiveCfg = Release|Any CPU
		{C1CE1947-65B5-485F-9F87-630A4A504C83}.Release|Any CPU.Build.0 = Release|Any CPU
	EndGlobalSection
	GlobalSection(SolutionProperties) = preSolution
		HideSolutionNode = FALSE
	EndGlobalSection
	GlobalSection(ExtensibilityGlobals) = postSolution
		SolutionGuid = {D34800F1-FD3C-45A8-8EDC-DB33AC740E5E}
	EndGlobalSection
EndGlobal
